
Microsoft Visual Studio Solution File, Format Version 12.00
# Visual Studio Version 16
VisualStudioVersion = 16.0.29102.190
MinimumVisualStudioVersion = 10.0.40219.1
Project("{FAE04EC0-301F-11D3-BF4B-00C04F79EFBC}") = "Teste", "Teste.csproj", "{7590AC54-1DB9-40C5-9D9F-383AEE6C8CA2}"
EndProject
Global
	GlobalSection(SolutionConfigurationPlatforms) = preSolution
		Debug|Any CPU = Debug|Any CPU
		Release|Any CPU = Release|Any CPU
	EndGlobalSection
	GlobalSection(ProjectConfigurationPlatforms) = postSolution
		{7590AC54-1DB9-40C5-9D9F-383AEE6C8CA2}.Debug|Any CPU.ActiveCfg = Debug|Any CPU
		{7590AC54-1DB9-40C5-9D9F-383AEE6C8CA2}.Debug|Any CPU.Build.0 = Debug|Any CPU
		{7590AC54-1DB9-40C5-9D9F-383AEE6C8CA2}.Release|Any CPU.ActiveCfg = Release|Any CPU
		{7590AC54-1DB9-40C5-9D9F-383AEE6C8CA2}.Release|Any CPU.Build.0 = Release|Any CPU
	EndGlobalSection
	GlobalSection(SolutionProperties) = preSolution
		HideSolutionNode = FALSE
	EndGlobalSection
	GlobalSection(ExtensibilityGlobals) = postSolution
		SolutionGuid = {334F2D70-AD02-4AF4-9DEC-A1316510C988}
	EndGlobalSection
EndGlobal
